
Microsoft Visual Studio Solution File, Format Version 12.00
# Visual Studio Version 16
VisualStudioVersion = 16.0.31205.134
MinimumVisualStudioVersion = 10.0.40219.1
Project("{FAE04EC0-301F-11D3-BF4B-00C04F79EFBC}") = "WinFormsApp1", "WinFormsApp1.csproj", "{19637A1E-4A50-4087-9703-F4B589D76908}"
EndProject
Global
	GlobalSection(SolutionConfigurationPlatforms) = preSolution
		Debug|Any CPU = Debug|Any CPU
		Release|Any CPU = Release|Any CPU
	EndGlobalSection
	GlobalSection(ProjectConfigurationPlatforms) = postSolution
		{19637A1E-4A50-4087-9703-F4B589D76908}.Debug|Any CPU.ActiveCfg = Debug|Any CPU
		{19637A1E-4A50-4087-9703-F4B589D76908}.Debug|Any CPU.Build.0 = Debug|Any CPU
		{19637A1E-4A50-4087-9703-F4B589D76908}.Release|Any CPU.ActiveCfg = Release|Any CPU
		{19637A1E-4A50-4087-9703-F4B589D76908}.Release|Any CPU.Build.0 = Release|Any CPU
	EndGlobalSection
	GlobalSection(SolutionProperties) = preSolution
		HideSolutionNode = FALSE
	EndGlobalSection
	GlobalSection(ExtensibilityGlobals) = postSolution
		SolutionGuid = {576792F5-53EC-4153-947B-4ED9DD121E58}
	EndGlobalSection
EndGlobal
